
Microsoft Visual Studio Solution File, Format Version 12.00
# Visual Studio Version 17
VisualStudioVersion = 17.5.33516.290
MinimumVisualStudioVersion = 10.0.40219.1
Project("{2150E333-8FDC-42A3-9474-1A3956D46DE8}") = "Modules", "Modules", "{0D0F5694-9257-4AE4-8E64-A707A16661B4}"
EndProject
Project("{2150E333-8FDC-42A3-9474-1A3956D46DE8}") = "DispoHub.Licence", "DispoHub.Licence", "{83D71CDD-6F69-4CEA-AE5D-0F3CBEBCCC45}"
EndProject
Project("{9A19103F-16F7-4668-BE54-9A1E7A4F7556}") = "DispoHub.Licence.Application", "src\Modules\DispoHub.Licence\DispoHub.Licence.Application\DispoHub.Licence.Application.csproj", "{33909098-0F6D-47AE-81FF-42171618B42C}"
EndProject
Project("{9A19103F-16F7-4668-BE54-9A1E7A4F7556}") = "DispoHub.Licence.Domain", "src\Modules\DispoHub.Licence\DispoHub.Licence.Domain\DispoHub.Licence.Domain.csproj", "{C4024408-FEFE-4107-9F1A-8659BB2CB178}"
EndProject
Project("{9A19103F-16F7-4668-BE54-9A1E7A4F7556}") = "DispoHub.Licence.Infrastructure", "src\Modules\DispoHub.Licence\DispoHub.Licence.Infrastructure\DispoHub.Licence.Infrastructure.csproj", "{03F09591-50C9-4380-894D-785362A84D27}"
EndProject
Project("{2150E333-8FDC-42A3-9474-1A3956D46DE8}") = "API", "API", "{D04669A5-0FBE-4346-9726-EB8730C9C538}"
EndProject
Project("{9A19103F-16F7-4668-BE54-9A1E7A4F7556}") = "DispoHub.Licence.API", "src\API\DispoHub.Licence.API\DispoHub.Licence.API.csproj", "{A3131234-984F-4ED5-8CF3-CA079DBC2022}"
EndProject
Project("{2150E333-8FDC-42A3-9474-1A3956D46DE8}") = "DispoHub.Mensager", "DispoHub.Mensager", "{6203E3EF-336B-4B23-AA34-9E940A7988FB}"
EndProject
Project("{9A19103F-16F7-4668-BE54-9A1E7A4F7556}") = "DispoHub.Mensager.Application", "src\Modules\DispoHub.Mensager\DispoHub.Mensager.Application\DispoHub.Mensager.Application.csproj", "{66C52F9A-F154-46F5-9CF9-C8586FF56BA8}"
EndProject
Project("{9A19103F-16F7-4668-BE54-9A1E7A4F7556}") = "DispoHub.Mensager.Domain", "src\Modules\DispoHub.Mensager\DispoHub.Mensager.Domain\DispoHub.Mensager.Domain.csproj", "{268BE181-7BE3-461A-A23C-9C2B4834F1AE}"
EndProject
Project("{9A19103F-16F7-4668-BE54-9A1E7A4F7556}") = "DispoHub.Mensager.Infrastructure", "src\Modules\DispoHub.Mensager\DispoHub.Mensager.Infrastructure\DispoHub.Mensager.Infrastructure.csproj", "{32A475C5-527D-4F54-9743-1154168A7CB7}"
EndProject
Project("{2150E333-8FDC-42A3-9474-1A3956D46DE8}") = "DispoHub.Core", "DispoHub.Core", "{CEA6667F-C696-4576-B3FB-1227F65D50B1}"
EndProject
Project("{9A19103F-16F7-4668-BE54-9A1E7A4F7556}") = "DispoHub.Core.Application", "src\Modules\DispoHub.Core\DispoHub.Core.Application\DispoHub.Core.Application.csproj", "{8FF3CAEE-0C09-41BD-AB3A-B0433D75B7F0}"
EndProject
Project("{9A19103F-16F7-4668-BE54-9A1E7A4F7556}") = "DispoHub.Core.Domain", "src\Modules\DispoHub.Core\DispoHub.Core.Domain\DispoHub.Core.Domain.csproj", "{C139FFAD-A4CB-46E1-9CC3-B47B722EB606}"
EndProject
Project("{9A19103F-16F7-4668-BE54-9A1E7A4F7556}") = "DispoHub.Core.Infrastructure", "src\Modules\DispoHub.Core\DispoHub.Core.Infrastructure\DispoHub.Core.Infrastructure.csproj", "{279E2EA6-8506-4F4E-9531-0838C660217A}"
EndProject
Project("{FAE04EC0-301F-11D3-BF4B-00C04F79EFBC}") = "DispoHub.Licence.Infrastructure.Ioc", "src\Modules\DispoHub.Licence\DispoHub.Licence.Infrastructure.Ioc\DispoHub.Licence.Infrastructure.Ioc.csproj", "{2209241D-E9EF-4096-924B-65432AE31071}"
EndProject
Global
	GlobalSection(SolutionConfigurationPlatforms) = preSolution
		Debug|Any CPU = Debug|Any CPU
		Release|Any CPU = Release|Any CPU
	EndGlobalSection
	GlobalSection(ProjectConfigurationPlatforms) = postSolution
		{33909098-0F6D-47AE-81FF-42171618B42C}.Debug|Any CPU.ActiveCfg = Debug|Any CPU
		{33909098-0F6D-47AE-81FF-42171618B42C}.Debug|Any CPU.Build.0 = Debug|Any CPU
		{33909098-0F6D-47AE-81FF-42171618B42C}.Release|Any CPU.ActiveCfg = Release|Any CPU
		{33909098-0F6D-47AE-81FF-42171618B42C}.Release|Any CPU.Build.0 = Release|Any CPU
		{C4024408-FEFE-4107-9F1A-8659BB2CB178}.Debug|Any CPU.ActiveCfg = Debug|Any CPU
		{C4024408-FEFE-4107-9F1A-8659BB2CB178}.Debug|Any CPU.Build.0 = Debug|Any CPU
		{C4024408-FEFE-4107-9F1A-8659BB2CB178}.Release|Any CPU.ActiveCfg = Release|Any CPU
		{C4024408-FEFE-4107-9F1A-8659BB2CB178}.Release|Any CPU.Build.0 = Release|Any CPU
		{03F09591-50C9-4380-894D-785362A84D27}.Debug|Any CPU.ActiveCfg = Debug|Any CPU
		{03F09591-50C9-4380-894D-785362A84D27}.Debug|Any CPU.Build.0 = Debug|Any CPU
		{03F09591-50C9-4380-894D-785362A84D27}.Release|Any CPU.ActiveCfg = Release|Any CPU
		{03F09591-50C9-4380-894D-785362A84D27}.Release|Any CPU.Build.0 = Release|Any CPU
		{A3131234-984F-4ED5-8CF3-CA079DBC2022}.Debug|Any CPU.ActiveCfg = Debug|Any CPU
		{A3131234-984F-4ED5-8CF3-CA079DBC2022}.Debug|Any CPU.Build.0 = Debug|Any CPU
		{A3131234-984F-4ED5-8CF3-CA079DBC2022}.Release|Any CPU.ActiveCfg = Release|Any CPU
		{A3131234-984F-4ED5-8CF3-CA079DBC2022}.Release|Any CPU.Build.0 = Release|Any CPU
		{66C52F9A-F154-46F5-9CF9-C8586FF56BA8}.Debug|Any CPU.ActiveCfg = Debug|Any CPU
		{66C52F9A-F154-46F5-9CF9-C8586FF56BA8}.Debug|Any CPU.Build.0 = Debug|Any CPU
		{66C52F9A-F154-46F5-9CF9-C8586FF56BA8}.Release|Any CPU.ActiveCfg = Release|Any CPU
		{66C52F9A-F154-46F5-9CF9-C8586FF56BA8}.Release|Any CPU.Build.0 = Release|Any CPU
		{268BE181-7BE3-461A-A23C-9C2B4834F1AE}.Debug|Any CPU.ActiveCfg = Debug|Any CPU
		{268BE181-7BE3-461A-A23C-9C2B4834F1AE}.Debug|Any CPU.Build.0 = Debug|Any CPU
		{268BE181-7BE3-461A-A23C-9C2B4834F1AE}.Release|Any CPU.ActiveCfg = Release|Any CPU
		{268BE181-7BE3-461A-A23C-9C2B4834F1AE}.Release|Any CPU.Build.0 = Release|Any CPU
		{32A475C5-527D-4F54-9743-1154168A7CB7}.Debug|Any CPU.ActiveCfg = Debug|Any CPU
		{32A475C5-527D-4F54-9743-1154168A7CB7}.Debug|Any CPU.Build.0 = Debug|Any CPU
		{32A475C5-527D-4F54-9743-1154168A7CB7}.Release|Any CPU.ActiveCfg = Release|Any CPU
		{32A475C5-527D-4F54-9743-1154168A7CB7}.Release|Any CPU.Build.0 = Release|Any CPU
		{8FF3CAEE-0C09-41BD-AB3A-B0433D75B7F0}.Debug|Any CPU.ActiveCfg = Debug|Any CPU
		{8FF3CAEE-0C09-41BD-AB3A-B0433D75B7F0}.Debug|Any CPU.Build.0 = Debug|Any CPU
		{8FF3CAEE-0C09-41BD-AB3A-B0433D75B7F0}.Release|Any CPU.ActiveCfg = Release|Any CPU
		{8FF3CAEE-0C09-41BD-AB3A-B0433D75B7F0}.Release|Any CPU.Build.0 = Release|Any CPU
		{C139FFAD-A4CB-46E1-9CC3-B47B722EB606}.Debug|Any CPU.ActiveCfg = Debug|Any CPU
		{C139FFAD-A4CB-46E1-9CC3-B47B722EB606}.Debug|Any CPU.Build.0 = Debug|Any CPU
		{C139FFAD-A4CB-46E1-9CC3-B47B722EB606}.Release|Any CPU.ActiveCfg = Release|Any CPU
		{C139FFAD-A4CB-46E1-9CC3-B47B722EB606}.Release|Any CPU.Build.0 = Release|Any CPU
		{279E2EA6-8506-4F4E-9531-0838C660217A}.Debug|Any CPU.ActiveCfg = Debug|Any CPU
		{279E2EA6-8506-4F4E-9531-0838C660217A}.Debug|Any CPU.Build.0 = Debug|Any CPU
		{279E2EA6-8506-4F4E-9531-0838C660217A}.Release|Any CPU.ActiveCfg = Release|Any CPU
		{279E2EA6-8506-4F4E-9531-0838C660217A}.Release|Any CPU.Build.0 = Release|Any CPU
		{2209241D-E9EF-4096-924B-65432AE31071}.Debug|Any CPU.ActiveCfg = Debug|Any CPU
		{2209241D-E9EF-4096-924B-65432AE31071}.Debug|Any CPU.Build.0 = Debug|Any CPU
		{2209241D-E9EF-4096-924B-65432AE31071}.Release|Any CPU.ActiveCfg = Release|Any CPU
		{2209241D-E9EF-4096-924B-65432AE31071}.Release|Any CPU.Build.0 = Release|Any CPU
	EndGlobalSection
	GlobalSection(SolutionProperties) = preSolution
		HideSolutionNode = FALSE
	EndGlobalSection
	GlobalSection(NestedProjects) = preSolution
		{83D71CDD-6F69-4CEA-AE5D-0F3CBEBCCC45} = {0D0F5694-9257-4AE4-8E64-A707A16661B4}
		{33909098-0F6D-47AE-81FF-42171618B42C} = {83D71CDD-6F69-4CEA-AE5D-0F3CBEBCCC45}
		{C4024408-FEFE-4107-9F1A-8659BB2CB178} = {83D71CDD-6F69-4CEA-AE5D-0F3CBEBCCC45}
		{03F09591-50C9-4380-894D-785362A84D27} = {83D71CDD-6F69-4CEA-AE5D-0F3CBEBCCC45}
		{A3131234-984F-4ED5-8CF3-CA079DBC2022} = {D04669A5-0FBE-4346-9726-EB8730C9C538}
		{6203E3EF-336B-4B23-AA34-9E940A7988FB} = {0D0F5694-9257-4AE4-8E64-A707A16661B4}
		{66C52F9A-F154-46F5-9CF9-C8586FF56BA8} = {6203E3EF-336B-4B23-AA34-9E940A7988FB}
		{268BE181-7BE3-461A-A23C-9C2B4834F1AE} = {6203E3EF-336B-4B23-AA34-9E940A7988FB}
		{32A475C5-527D-4F54-9743-1154168A7CB7} = {6203E3EF-336B-4B23-AA34-9E940A7988FB}
		{CEA6667F-C696-4576-B3FB-1227F65D50B1} = {0D0F5694-9257-4AE4-8E64-A707A16661B4}
		{8FF3CAEE-0C09-41BD-AB3A-B0433D75B7F0} = {CEA6667F-C696-4576-B3FB-1227F65D50B1}
		{C139FFAD-A4CB-46E1-9CC3-B47B722EB606} = {CEA6667F-C696-4576-B3FB-1227F65D50B1}
		{279E2EA6-8506-4F4E-9531-0838C660217A} = {CEA6667F-C696-4576-B3FB-1227F65D50B1}
		{2209241D-E9EF-4096-924B-65432AE31071} = {83D71CDD-6F69-4CEA-AE5D-0F3CBEBCCC45}
	EndGlobalSection
	GlobalSection(ExtensibilityGlobals) = postSolution
		SolutionGuid = {0E66BFCC-6776-4127-94DB-6CFC6BFE7B1E}
	EndGlobalSection
EndGlobal
